
Microsoft Visual Studio Solution File, Format Version 12.00
# Visual Studio Version 17
VisualStudioVersion = 17.14.36414.22 d17.14
MinimumVisualStudioVersion = 10.0.40219.1
Project("{FAE04EC0-301F-11D3-BF4B-00C04F79EFBC}") = "20250912_day07", "20250912_day07.csproj", "{4A125DB0-3CC5-4F65-BCF2-C65774EA1564}"
EndProject
Global
	GlobalSection(SolutionConfigurationPlatforms) = preSolution
		Debug|Any CPU = Debug|Any CPU
		Release|Any CPU = Release|Any CPU
	EndGlobalSection
	GlobalSection(ProjectConfigurationPlatforms) = postSolution
		{4A125DB0-3CC5-4F65-BCF2-C65774EA1564}.Debug|Any CPU.ActiveCfg = Debug|Any CPU
		{4A125DB0-3CC5-4F65-BCF2-C65774EA1564}.Debug|Any CPU.Build.0 = Debug|Any CPU
		{4A125DB0-3CC5-4F65-BCF2-C65774EA1564}.Release|Any CPU.ActiveCfg = Release|Any CPU
		{4A125DB0-3CC5-4F65-BCF2-C65774EA1564}.Release|Any CPU.Build.0 = Release|Any CPU
	EndGlobalSection
	GlobalSection(SolutionProperties) = preSolution
		HideSolutionNode = FALSE
	EndGlobalSection
	GlobalSection(ExtensibilityGlobals) = postSolution
		SolutionGuid = {DECD7E90-D8EA-46EB-A1E3-3BF25D34F533}
	EndGlobalSection
EndGlobal
