
Microsoft Visual Studio Solution File, Format Version 12.00
# Visual Studio Version 17
VisualStudioVersion = 17.14.36414.22 d17.14
MinimumVisualStudioVersion = 10.0.40219.1
Project("{FAE04EC0-301F-11D3-BF4B-00C04F79EFBC}") = "25.09.17", "25.09.17.csproj", "{F072E60E-EFE4-4896-827E-D4F497B567A1}"
EndProject
Global
	GlobalSection(SolutionConfigurationPlatforms) = preSolution
		Debug|Any CPU = Debug|Any CPU
		Release|Any CPU = Release|Any CPU
	EndGlobalSection
	GlobalSection(ProjectConfigurationPlatforms) = postSolution
		{F072E60E-EFE4-4896-827E-D4F497B567A1}.Debug|Any CPU.ActiveCfg = Debug|Any CPU
		{F072E60E-EFE4-4896-827E-D4F497B567A1}.Debug|Any CPU.Build.0 = Debug|Any CPU
		{F072E60E-EFE4-4896-827E-D4F497B567A1}.Release|Any CPU.ActiveCfg = Release|Any CPU
		{F072E60E-EFE4-4896-827E-D4F497B567A1}.Release|Any CPU.Build.0 = Release|Any CPU
	EndGlobalSection
	GlobalSection(SolutionProperties) = preSolution
		HideSolutionNode = FALSE
	EndGlobalSection
	GlobalSection(ExtensibilityGlobals) = postSolution
		SolutionGuid = {A5F784EC-207A-41F4-9A26-CE6F1D272F53}
	EndGlobalSection
EndGlobal
